
Microsoft Visual Studio Solution File, Format Version 12.00
# Visual Studio Version 17
VisualStudioVersion = 17.3.32819.101
MinimumVisualStudioVersion = 10.0.40219.1
Project("{9A19103F-16F7-4668-BE54-9A1E7A4F7556}") = "RecipeBase_Backend.Domain", "RecipeBaseBackend.Domain\RecipeBase_Backend.Domain.csproj", "{B06ECC2D-085D-41B5-B9FD-18DE771E7ED1}"
EndProject
Project("{9A19103F-16F7-4668-BE54-9A1E7A4F7556}") = "RecipeBase_Backend.DataAccess", "RecipeBaseBackEnd.DataAccess\RecipeBase_Backend.DataAccess.csproj", "{46905928-28BF-471F-99E7-2BE550E61881}"
EndProject
Project("{9A19103F-16F7-4668-BE54-9A1E7A4F7556}") = "RecipeBase_Backend.Application", "RecipeBase_Backend.Application\RecipeBase_Backend.Application.csproj", "{B3B5A305-5C39-45C0-A4B9-3E7E3A9098D2}"
EndProject
Project("{9A19103F-16F7-4668-BE54-9A1E7A4F7556}") = "RecipeBase_Backend.Implementation", "RecipeBase_Backend.Implementation\RecipeBase_Backend.Implementation.csproj", "{9C18A584-398F-4DFD-9CDA-EF8CC20AED18}"
EndProject
Project("{FAE04EC0-301F-11D3-BF4B-00C04F79EFBC}") = "RecipeBase_Backend.Api", "RecipeBase_Backend.Api\RecipeBase_Backend.Api.csproj", "{319E71C1-2145-4618-A2F1-FBD736E5DACB}"
EndProject
Global
	GlobalSection(SolutionConfigurationPlatforms) = preSolution
		Debug|Any CPU = Debug|Any CPU
		Release|Any CPU = Release|Any CPU
	EndGlobalSection
	GlobalSection(ProjectConfigurationPlatforms) = postSolution
		{B06ECC2D-085D-41B5-B9FD-18DE771E7ED1}.Debug|Any CPU.ActiveCfg = Debug|Any CPU
		{B06ECC2D-085D-41B5-B9FD-18DE771E7ED1}.Debug|Any CPU.Build.0 = Debug|Any CPU
		{B06ECC2D-085D-41B5-B9FD-18DE771E7ED1}.Release|Any CPU.ActiveCfg = Release|Any CPU
		{B06ECC2D-085D-41B5-B9FD-18DE771E7ED1}.Release|Any CPU.Build.0 = Release|Any CPU
		{46905928-28BF-471F-99E7-2BE550E61881}.Debug|Any CPU.ActiveCfg = Debug|Any CPU
		{46905928-28BF-471F-99E7-2BE550E61881}.Debug|Any CPU.Build.0 = Debug|Any CPU
		{46905928-28BF-471F-99E7-2BE550E61881}.Release|Any CPU.ActiveCfg = Release|Any CPU
		{46905928-28BF-471F-99E7-2BE550E61881}.Release|Any CPU.Build.0 = Release|Any CPU
		{B3B5A305-5C39-45C0-A4B9-3E7E3A9098D2}.Debug|Any CPU.ActiveCfg = Debug|Any CPU
		{B3B5A305-5C39-45C0-A4B9-3E7E3A9098D2}.Debug|Any CPU.Build.0 = Debug|Any CPU
		{B3B5A305-5C39-45C0-A4B9-3E7E3A9098D2}.Release|Any CPU.ActiveCfg = Release|Any CPU
		{B3B5A305-5C39-45C0-A4B9-3E7E3A9098D2}.Release|Any CPU.Build.0 = Release|Any CPU
		{9C18A584-398F-4DFD-9CDA-EF8CC20AED18}.Debug|Any CPU.ActiveCfg = Debug|Any CPU
		{9C18A584-398F-4DFD-9CDA-EF8CC20AED18}.Debug|Any CPU.Build.0 = Debug|Any CPU
		{9C18A584-398F-4DFD-9CDA-EF8CC20AED18}.Release|Any CPU.ActiveCfg = Release|Any CPU
		{9C18A584-398F-4DFD-9CDA-EF8CC20AED18}.Release|Any CPU.Build.0 = Release|Any CPU
		{319E71C1-2145-4618-A2F1-FBD736E5DACB}.Debug|Any CPU.ActiveCfg = Debug|Any CPU
		{319E71C1-2145-4618-A2F1-FBD736E5DACB}.Debug|Any CPU.Build.0 = Debug|Any CPU
		{319E71C1-2145-4618-A2F1-FBD736E5DACB}.Release|Any CPU.ActiveCfg = Release|Any CPU
		{319E71C1-2145-4618-A2F1-FBD736E5DACB}.Release|Any CPU.Build.0 = Release|Any CPU
	EndGlobalSection
	GlobalSection(SolutionProperties) = preSolution
		HideSolutionNode = FALSE
	EndGlobalSection
	GlobalSection(ExtensibilityGlobals) = postSolution
		SolutionGuid = {2758F883-0C53-463E-9FA4-1F35B7B4B1F6}
	EndGlobalSection
EndGlobal
